
Microsoft Visual Studio Solution File, Format Version 12.00
# Visual Studio 15
VisualStudioVersion = 15.0.27428.2015
MinimumVisualStudioVersion = 10.0.40219.1
Project("{FAE04EC0-301F-11D3-BF4B-00C04F79EFBC}") = "AuthorManager", "AuthorManager\AuthorManager.csproj", "{272C0249-696F-4648-A190-E3F2FA1075C1}"
EndProject
Global
	GlobalSection(SolutionConfigurationPlatforms) = preSolution
		Debug|Any CPU = Debug|Any CPU
		Release|Any CPU = Release|Any CPU
	EndGlobalSection
	GlobalSection(ProjectConfigurationPlatforms) = postSolution
		{272C0249-696F-4648-A190-E3F2FA1075C1}.Debug|Any CPU.ActiveCfg = Debug|Any CPU
		{272C0249-696F-4648-A190-E3F2FA1075C1}.Debug|Any CPU.Build.0 = Debug|Any CPU
		{272C0249-696F-4648-A190-E3F2FA1075C1}.Release|Any CPU.ActiveCfg = Release|Any CPU
		{272C0249-696F-4648-A190-E3F2FA1075C1}.Release|Any CPU.Build.0 = Release|Any CPU
	EndGlobalSection
	GlobalSection(SolutionProperties) = preSolution
		HideSolutionNode = FALSE
	EndGlobalSection
	GlobalSection(ExtensibilityGlobals) = postSolution
		SolutionGuid = {AEAB3C28-C258-4E11-B80B-782202AC64D9}
	EndGlobalSection
EndGlobal
